
Microsoft Visual Studio Solution File, Format Version 12.00
# Visual Studio 15
VisualStudioVersion = 15.0.27004.2009
MinimumVisualStudioVersion = 10.0.40219.1
Project("{FAE04EC0-301F-11D3-BF4B-00C04F79EFBC}") = "BettingApp", "BettingApp\BettingApp.csproj", "{266B310C-7571-408D-98D6-B855F0923E61}"
EndProject
Project("{2150E333-8FDC-42A3-9474-1A3956D46DE8}") = "Solution Items", "Solution Items", "{650AFAA0-E952-4C3A-8102-D80F05747A5D}"
	ProjectSection(SolutionItems) = preProject
		..\..\..\Desktop\Bet_Data.csv = ..\..\..\Desktop\Bet_Data.csv
	EndProjectSection
EndProject
Global
	GlobalSection(SolutionConfigurationPlatforms) = preSolution
		Debug|Any CPU = Debug|Any CPU
		Release|Any CPU = Release|Any CPU
	EndGlobalSection
	GlobalSection(ProjectConfigurationPlatforms) = postSolution
		{266B310C-7571-408D-98D6-B855F0923E61}.Debug|Any CPU.ActiveCfg = Debug|Any CPU
		{266B310C-7571-408D-98D6-B855F0923E61}.Debug|Any CPU.Build.0 = Debug|Any CPU
		{266B310C-7571-408D-98D6-B855F0923E61}.Release|Any CPU.ActiveCfg = Release|Any CPU
		{266B310C-7571-408D-98D6-B855F0923E61}.Release|Any CPU.Build.0 = Release|Any CPU
	EndGlobalSection
	GlobalSection(SolutionProperties) = preSolution
		HideSolutionNode = FALSE
	EndGlobalSection
	GlobalSection(ExtensibilityGlobals) = postSolution
		SolutionGuid = {FB7D2873-B0AC-4999-9EE5-BD1BA9091E8A}
	EndGlobalSection
EndGlobal
